
Microsoft Visual Studio Solution File, Format Version 12.00
# Visual Studio Version 17
VisualStudioVersion = 17.3.32825.248
MinimumVisualStudioVersion = 10.0.40219.1
Project("{FAE04EC0-301F-11D3-BF4B-00C04F79EFBC}") = "GolfCalculator", "GolfCalculator\GolfCalculator.csproj", "{957AE931-1E32-4C09-B057-9AC189E73710}"
EndProject
Project("{FAE04EC0-301F-11D3-BF4B-00C04F79EFBC}") = "GolfCalculator2", "GolfCalculator2\GolfCalculator2.csproj", "{D1307E2C-397B-4C3A-9A08-C644ED6A02E0}"
EndProject
Global
	GlobalSection(SolutionConfigurationPlatforms) = preSolution
		Debug|Any CPU = Debug|Any CPU
		Release|Any CPU = Release|Any CPU
	EndGlobalSection
	GlobalSection(ProjectConfigurationPlatforms) = postSolution
		{957AE931-1E32-4C09-B057-9AC189E73710}.Debug|Any CPU.ActiveCfg = Debug|Any CPU
		{957AE931-1E32-4C09-B057-9AC189E73710}.Debug|Any CPU.Build.0 = Debug|Any CPU
		{957AE931-1E32-4C09-B057-9AC189E73710}.Release|Any CPU.ActiveCfg = Release|Any CPU
		{957AE931-1E32-4C09-B057-9AC189E73710}.Release|Any CPU.Build.0 = Release|Any CPU
		{D1307E2C-397B-4C3A-9A08-C644ED6A02E0}.Debug|Any CPU.ActiveCfg = Debug|Any CPU
		{D1307E2C-397B-4C3A-9A08-C644ED6A02E0}.Debug|Any CPU.Build.0 = Debug|Any CPU
		{D1307E2C-397B-4C3A-9A08-C644ED6A02E0}.Release|Any CPU.ActiveCfg = Release|Any CPU
		{D1307E2C-397B-4C3A-9A08-C644ED6A02E0}.Release|Any CPU.Build.0 = Release|Any CPU
	EndGlobalSection
	GlobalSection(SolutionProperties) = preSolution
		HideSolutionNode = FALSE
	EndGlobalSection
	GlobalSection(ExtensibilityGlobals) = postSolution
		SolutionGuid = {62602E2C-67D3-47E7-A7F0-8B263076ECD3}
	EndGlobalSection
EndGlobal
